
Microsoft Visual Studio Solution File, Format Version 12.00
# Visual Studio Version 16
VisualStudioVersion = 16.0.30804.86
MinimumVisualStudioVersion = 10.0.40219.1
Project("{2150E333-8FDC-42A3-9474-1A3956D46DE8}") = "src", "src", "{13A82D94-61E9-4F4D-ABC2-1C405898D31B}"
EndProject
Project("{2150E333-8FDC-42A3-9474-1A3956D46DE8}") = "Catalog", "Catalog", "{1C312862-C017-492D-8208-5B1CD976ECD2}"
EndProject
Project("{9A19103F-16F7-4668-BE54-9A1E7A4F7556}") = "Catalog.API", "src\Catalog\Catalog.API\Catalog.API.csproj", "{9C999C8C-D6BB-4003-A15B-D6183966FB25}"
EndProject
Project("{E53339B2-1760-4266-BCC7-CA923CBCF16C}") = "docker-compose", "docker-compose.dcproj", "{21574112-7649-453D-A550-AF7B2FCD78D6}"
EndProject
Project("{2150E333-8FDC-42A3-9474-1A3956D46DE8}") = "Basket", "Basket", "{4C90E726-FBC8-47D4-9168-41F211EF066B}"
EndProject
Project("{9A19103F-16F7-4668-BE54-9A1E7A4F7556}") = "Basket.API", "src\Basket\Basket.API\Basket.API.csproj", "{1498C892-CA7B-46B7-BCEB-47AB6471CEBA}"
EndProject
Project("{2150E333-8FDC-42A3-9474-1A3956D46DE8}") = "Common", "Common", "{F7B9B0A4-2C89-4B1D-8C65-790D3F3B68A5}"
EndProject
Project("{9A19103F-16F7-4668-BE54-9A1E7A4F7556}") = "EventBusRabbitMQ", "src\Common\EventBusRabbitMQ\EventBusRabbitMQ.csproj", "{3257764C-59E3-437B-B008-F4F6E9503B91}"
EndProject
Project("{2150E333-8FDC-42A3-9474-1A3956D46DE8}") = "Ordering", "Ordering", "{5CA7866C-F2C8-44C9-B245-B6C8F3276479}"
EndProject
Project("{9A19103F-16F7-4668-BE54-9A1E7A4F7556}") = "Ordering.API", "src\Order\Ordering.API\Ordering.API.csproj", "{006D200B-F491-4E18-83AB-6DC3472F2081}"
EndProject
Project("{9A19103F-16F7-4668-BE54-9A1E7A4F7556}") = "Ordering.Core", "src\Order\Ordering.Core\Ordering.Core.csproj", "{80F7A5B1-515D-4C68-A392-01CEDDA25998}"
EndProject
Project("{9A19103F-16F7-4668-BE54-9A1E7A4F7556}") = "Ordering.Infrastructure", "src\Order\Ordring.Infrastructure\Ordering.Infrastructure.csproj", "{879A51F8-683D-4FF0-B1B6-890C14B1C019}"
EndProject
Project("{9A19103F-16F7-4668-BE54-9A1E7A4F7556}") = "Ordering.Application", "src\Order\Ordering.Application\Ordering.Application.csproj", "{80114393-9532-4BCA-A68A-5C0DDA037C44}"
EndProject
Project("{2150E333-8FDC-42A3-9474-1A3956D46DE8}") = "ApiGateway", "ApiGateway", "{6571198B-F76B-464D-9BE8-4B0E9498EC7E}"
EndProject
Project("{FAE04EC0-301F-11D3-BF4B-00C04F79EFBC}") = "OcelotAPIGateway", "src\ApiGateway\OcelotAPIGateway\OcelotAPIGateway.csproj", "{AC3A91D7-6FFA-43D4-899E-D28A3029412B}"
EndProject
Global
	GlobalSection(SolutionConfigurationPlatforms) = preSolution
		Debug|Any CPU = Debug|Any CPU
		Release|Any CPU = Release|Any CPU
	EndGlobalSection
	GlobalSection(ProjectConfigurationPlatforms) = postSolution
		{9C999C8C-D6BB-4003-A15B-D6183966FB25}.Debug|Any CPU.ActiveCfg = Debug|Any CPU
		{9C999C8C-D6BB-4003-A15B-D6183966FB25}.Debug|Any CPU.Build.0 = Debug|Any CPU
		{9C999C8C-D6BB-4003-A15B-D6183966FB25}.Release|Any CPU.ActiveCfg = Release|Any CPU
		{9C999C8C-D6BB-4003-A15B-D6183966FB25}.Release|Any CPU.Build.0 = Release|Any CPU
		{21574112-7649-453D-A550-AF7B2FCD78D6}.Debug|Any CPU.ActiveCfg = Debug|Any CPU
		{21574112-7649-453D-A550-AF7B2FCD78D6}.Debug|Any CPU.Build.0 = Debug|Any CPU
		{21574112-7649-453D-A550-AF7B2FCD78D6}.Release|Any CPU.ActiveCfg = Release|Any CPU
		{21574112-7649-453D-A550-AF7B2FCD78D6}.Release|Any CPU.Build.0 = Release|Any CPU
		{1498C892-CA7B-46B7-BCEB-47AB6471CEBA}.Debug|Any CPU.ActiveCfg = Debug|Any CPU
		{1498C892-CA7B-46B7-BCEB-47AB6471CEBA}.Debug|Any CPU.Build.0 = Debug|Any CPU
		{1498C892-CA7B-46B7-BCEB-47AB6471CEBA}.Release|Any CPU.ActiveCfg = Release|Any CPU
		{1498C892-CA7B-46B7-BCEB-47AB6471CEBA}.Release|Any CPU.Build.0 = Release|Any CPU
		{3257764C-59E3-437B-B008-F4F6E9503B91}.Debug|Any CPU.ActiveCfg = Debug|Any CPU
		{3257764C-59E3-437B-B008-F4F6E9503B91}.Debug|Any CPU.Build.0 = Debug|Any CPU
		{3257764C-59E3-437B-B008-F4F6E9503B91}.Release|Any CPU.ActiveCfg = Release|Any CPU
		{3257764C-59E3-437B-B008-F4F6E9503B91}.Release|Any CPU.Build.0 = Release|Any CPU
		{006D200B-F491-4E18-83AB-6DC3472F2081}.Debug|Any CPU.ActiveCfg = Debug|Any CPU
		{006D200B-F491-4E18-83AB-6DC3472F2081}.Debug|Any CPU.Build.0 = Debug|Any CPU
		{006D200B-F491-4E18-83AB-6DC3472F2081}.Release|Any CPU.ActiveCfg = Release|Any CPU
		{006D200B-F491-4E18-83AB-6DC3472F2081}.Release|Any CPU.Build.0 = Release|Any CPU
		{80F7A5B1-515D-4C68-A392-01CEDDA25998}.Debug|Any CPU.ActiveCfg = Debug|Any CPU
		{80F7A5B1-515D-4C68-A392-01CEDDA25998}.Debug|Any CPU.Build.0 = Debug|Any CPU
		{80F7A5B1-515D-4C68-A392-01CEDDA25998}.Release|Any CPU.ActiveCfg = Release|Any CPU
		{80F7A5B1-515D-4C68-A392-01CEDDA25998}.Release|Any CPU.Build.0 = Release|Any CPU
		{879A51F8-683D-4FF0-B1B6-890C14B1C019}.Debug|Any CPU.ActiveCfg = Debug|Any CPU
		{879A51F8-683D-4FF0-B1B6-890C14B1C019}.Debug|Any CPU.Build.0 = Debug|Any CPU
		{879A51F8-683D-4FF0-B1B6-890C14B1C019}.Release|Any CPU.ActiveCfg = Release|Any CPU
		{879A51F8-683D-4FF0-B1B6-890C14B1C019}.Release|Any CPU.Build.0 = Release|Any CPU
		{80114393-9532-4BCA-A68A-5C0DDA037C44}.Debug|Any CPU.ActiveCfg = Debug|Any CPU
		{80114393-9532-4BCA-A68A-5C0DDA037C44}.Debug|Any CPU.Build.0 = Debug|Any CPU
		{80114393-9532-4BCA-A68A-5C0DDA037C44}.Release|Any CPU.ActiveCfg = Release|Any CPU
		{80114393-9532-4BCA-A68A-5C0DDA037C44}.Release|Any CPU.Build.0 = Release|Any CPU
		{AC3A91D7-6FFA-43D4-899E-D28A3029412B}.Debug|Any CPU.ActiveCfg = Debug|Any CPU
		{AC3A91D7-6FFA-43D4-899E-D28A3029412B}.Debug|Any CPU.Build.0 = Debug|Any CPU
		{AC3A91D7-6FFA-43D4-899E-D28A3029412B}.Release|Any CPU.ActiveCfg = Release|Any CPU
		{AC3A91D7-6FFA-43D4-899E-D28A3029412B}.Release|Any CPU.Build.0 = Release|Any CPU
	EndGlobalSection
	GlobalSection(SolutionProperties) = preSolution
		HideSolutionNode = FALSE
	EndGlobalSection
	GlobalSection(NestedProjects) = preSolution
		{1C312862-C017-492D-8208-5B1CD976ECD2} = {13A82D94-61E9-4F4D-ABC2-1C405898D31B}
		{9C999C8C-D6BB-4003-A15B-D6183966FB25} = {1C312862-C017-492D-8208-5B1CD976ECD2}
		{4C90E726-FBC8-47D4-9168-41F211EF066B} = {13A82D94-61E9-4F4D-ABC2-1C405898D31B}
		{1498C892-CA7B-46B7-BCEB-47AB6471CEBA} = {4C90E726-FBC8-47D4-9168-41F211EF066B}
		{F7B9B0A4-2C89-4B1D-8C65-790D3F3B68A5} = {13A82D94-61E9-4F4D-ABC2-1C405898D31B}
		{3257764C-59E3-437B-B008-F4F6E9503B91} = {F7B9B0A4-2C89-4B1D-8C65-790D3F3B68A5}
		{5CA7866C-F2C8-44C9-B245-B6C8F3276479} = {13A82D94-61E9-4F4D-ABC2-1C405898D31B}
		{006D200B-F491-4E18-83AB-6DC3472F2081} = {5CA7866C-F2C8-44C9-B245-B6C8F3276479}
		{80F7A5B1-515D-4C68-A392-01CEDDA25998} = {5CA7866C-F2C8-44C9-B245-B6C8F3276479}
		{879A51F8-683D-4FF0-B1B6-890C14B1C019} = {5CA7866C-F2C8-44C9-B245-B6C8F3276479}
		{80114393-9532-4BCA-A68A-5C0DDA037C44} = {5CA7866C-F2C8-44C9-B245-B6C8F3276479}
		{6571198B-F76B-464D-9BE8-4B0E9498EC7E} = {13A82D94-61E9-4F4D-ABC2-1C405898D31B}
		{AC3A91D7-6FFA-43D4-899E-D28A3029412B} = {6571198B-F76B-464D-9BE8-4B0E9498EC7E}
	EndGlobalSection
	GlobalSection(ExtensibilityGlobals) = postSolution
		SolutionGuid = {6FC2AA6B-6014-4830-87A3-40CCF7A3B168}
	EndGlobalSection
EndGlobal
